// !$*UTF8*$!
{
	archiveVersion = 1;
	classes = {
	};
	objectVersion = 46;
	objects = {

/* Begin PBXBuildFile section */
		1635E95D1D9F6EBD0084FB9B /* main.m in Sources */ = {isa = PBXBuildFile; fileRef = 1635E95C1D9F6EBD0084FB9B /* main.m */; };
		1635E9601D9F6F670084FB9B /* BWSingletonTool.m in Sources */ = {isa = PBXBuildFile; fileRef = 1635E95F1D9F6F670084FB9B /* BWSingletonTool.m */; };
/* End PBXBuildFile section */

/* Begin PBXCopyFilesBuildPhase section */
		1635E9501D9F6E830084FB9B /* CopyFiles */ = {
			isa = PBXCopyFilesBuildPhase;
			buildActionMask = 2147483647;
			dstPath = /usr/share/man/man1/;
			dstSubfolderSpec = 0;
			files = (
			);
			runOnlyForDeploymentPostprocessing = 1;
		};
/* End PBXCopyFilesBuildPhase section */

/* Begin PBXFileReference section */
		1635E9521D9F6E830084FB9B /* BWSingletonTool */ = {isa = PBXFileReference; explicitFileType = "compiled.mach-o.executable"; includeInIndex = 0; path = BWSingletonTool; sourceTree = BUILT_PRODUCTS_DIR; };
		1635E95C1D9F6EBD0084FB9B /* main.m */ = {isa = PBXFileReference; fileEncoding = 4; lastKnownFileType = sourcecode.c.objc; path = main.m; sourceTree = "<group>"; };
		1635E95E1D9F6F670084FB9B /* BWSingletonTool.h */ = {isa = PBXFileReference; fileEncoding = 4; lastKnownFileType = sourcecode.c.h; path = BWSingletonTool.h; sourceTree = "<group>"; };
		1635E95F1D9F6F670084FB9B /* BWSingletonTool.m */ = {isa = PBXFileReference; fileEncoding = 4; lastKnownFileType = sourcecode.c.objc; path = BWSingletonTool.m; sourceTree = "<group>"; };
		1635E9611D9F6FE40084FB9B /* Singleton.h */ = {isa = PBXFileReference; fileEncoding = 4; lastKnownFileType = sourcecode.c.h; path = Singleton.h; sourceTree = "<group>"; };
/* End PBXFileReference section */

/* Begin PBXFrameworksBuildPhase section */
		1635E94F1D9F6E830084FB9B /* Frameworks */ = {
			isa = PBXFrameworksBuildPhase;
			buildActionMask = 2147483647;
			files = (
			);
			runOnlyForDeploymentPostprocessing = 0;
		};
/* End PBXFrameworksBuildPhase section */

/* Begin PBXGroup section */
		1635E9491D9F6E830084FB9B = {
			isa = PBXGroup;
			children = (
				1635E9541D9F6E830084FB9B /* BWSingletonTool */,
				1635E95C1D9F6EBD0084FB9B /* main.m */,
				1635E9531D9F6E830084FB9B /* Products */,
			);
			sourceTree = "<group>";
		};
		1635E9531D9F6E830084FB9B /* Products */ = {
			isa = PBXGroup;
			children = (
				1635E9521D9F6E830084FB9B /* BWSingletonTool */,
			);
			name = Products;
			sourceTree = "<group>";
		};
		1635E9541D9F6E830084FB9B /* BWSingletonTool */ = {
			isa = PBXGroup;
			children = (
				1635E9611D9F6FE40084FB9B /* Singleton.h */,
				1635E95E1D9F6F670084FB9B /* BWSingletonTool.h */,
				1635E95F1D9F6F670084FB9B /* BWSingletonTool.m */,
			);
			path = BWSingletonTool;
			sourceTree = "<group>";
		};
/* End PBXGroup section */

/* Begin PBXNativeTarget section */
		1635E9511D9F6E830084FB9B /* BWSingletonTool */ = {
			isa = PBXNativeTarget;
			buildConfigurationList = 1635E9591D9F6E830084FB9B /* Build configuration list for PBXNativeTarget "BWSingletonTool" */;
			buildPhases = (
				1635E94E1D9F6E830084FB9B /* Sources */,
				1635E94F1D9F6E830084FB9B /* Frameworks */,
				1635E9501D9F6E830084FB9B /* CopyFiles */,
			);
			buildRules = (
			);
			dependencies = (
			);
			name = BWSingletonTool;
			productName = BWSingletonTool;
			productReference = 1635E9521D9F6E830084FB9B /* BWSingletonTool */;
			productType = "com.apple.product-type.tool";
		};
/* End PBXNativeTarget section */

/* Begin PBXProject section */
		1635E94A1D9F6E830084FB9B /* Project object */ = {
			isa = PBXProject;
			attributes = {
				LastUpgradeCheck = 0800;
				ORGANIZATIONNAME = mortal;
				TargetAttributes = {
					1635E9511D9F6E830084FB9B = {
						CreatedOnToolsVersion = 8.0;
						DevelopmentTeam = CB4RJ8S956;
						ProvisioningStyle = Automatic;
					};
				};
			};
			buildConfigurationList = 1635E94D1D9F6E830084FB9B /* Build configuration list for PBXProject "BWSingletonTool" */;
			compatibilityVersion = "Xcode 3.2";
			developmentRegion = English;
			hasScannedForEncodings = 0;
			knownRegions = (
				en,
			);
			mainGroup = 1635E9491D9F6E830084FB9B;
			productRefGroup = 1635E9531D9F6E830084FB9B /* Products */;
			projectDirPath = "";
			projectRoot = "";
			targets = (
				1635E9511D9F6E830084FB9B /* BWSingletonTool */,
			);
		};
/* End PBXProject section */

/* Begin PBXSourcesBuildPhase section */
		1635E94E1D9F6E830084FB9B /* Sources */ = {
			isa = PBXSourcesBuildPhase;
			buildActionMask = 2147483647;
			files = (
				1635E9601D9F6F670084FB9B /* BWSingletonTool.m in Sources */,
				1635E95D1D9F6EBD0084FB9B /* main.m in Sources */,
			);
			runOnlyForDeploymentPostprocessing = 0;
		};
/* End PBXSourcesBuildPhase section */

/* Begin XCBuildConfiguration section */
		1635E9571D9F6E830084FB9B /* Debug */ = {
			isa = XCBuildConfiguration;
			buildSettings = {
				ALWAYS_SEARCH_USER_PATHS = NO;
				CLANG_ANALYZER_NONNULL = YES;
				CLANG_CXX_LANGUAGE_STANDARD = "gnu++0x";
				CLANG_CXX_LIBRARY = "libc++";
				CLANG_ENABLE_MODULES = YES;
				CLANG_ENABLE_OBJC_ARC = YES;
				CLANG_WARN_BOOL_CONVERSION = YES;
				CLANG_WARN_CONSTANT_CONVERSION = YES;
				CLANG_WARN_DIRECT_OBJC_ISA_USAGE = YES_ERROR;
				CLANG_WARN_DOCUMENTATION_COMMENTS = YES;
				CLANG_WARN_EMPTY_BODY = YES;
				CLANG_WARN_ENUM_CONVERSION = YES;
				CLANG_WARN_INFINITE_RECURSION = YES;
				CLANG_WARN_INT_CONVERSION = YES;
				CLANG_WARN_OBJC_ROOT_CLASS = YES_ERROR;
				CLANG_WARN_SUSPICIOUS_MOVES = YES;
				CLANG_WARN_UNREACHABLE_CODE = YES;
				CLANG_WARN__DUPLICATE_METHOD_MATCH = YES;
				CODE_SIGN_IDENTITY = "-";
				COPY_PHASE_STRIP = NO;
				DEBUG_INFORMATION_FORMAT = dwarf;
				ENABLE_STRICT_OBJC_MSGSEND = YES;
				ENABLE_TESTABILITY = YES;
				GCC_C_LANGUAGE_STANDARD = gnu99;
				GCC_DYNAMIC_NO_PIC = NO;
				GCC_NO_COMMON_BLOCKS = YES;
				GCC_OPTIMIZATION_LEVEL = 0;
				GCC_PREPROCESSOR_DEFINITIONS = (
					"DEBUG=1",
					"$(inherited)",
				);
				GCC_WARN_64_TO_32_BIT_CONVERSION = YES;
				GCC_WARN_ABOUT_RETURN_TYPE = YES_ERROR;
				GCC_WARN_UNDECLARED_SELECTOR = YES;
				GCC_WARN_UNINITIALIZED_AUTOS = YES_AGGRESSIVE;
				GCC_WARN_UNUSED_FUNCTION = YES;
				GCC_WARN_UNUSED_VARIABLE = YES;
				MACOSX_DEPLOYMENT_TARGET = 10.11;
				MTL_ENABLE_DEBUG_INFO = YES;
				ONLY_ACTIVE_ARCH = YES;
				SDKROOT = macosx;
			};
			name = Debug;
		};
		1635E9581D9F6E830084FB9B /* Release */ = {
			isa = XCBuildConfiguration;
			buildSettings = {
				ALWAYS_SEARCH_USER_PATHS = NO;
				CLANG_ANALYZER_NONNULL = YES;
				CLANG_CXX_LANGUAGE_STANDARD = "gnu++0x";
				CLANG_CXX_LIBRARY = "libc++";
				CLANG_ENABLE_MODULES = YES;
				CLANG_ENABLE_OBJC_ARC = YES;
				CLANG_WARN_BOOL_CONVERSION = YES;
				CLANG_WARN_CONSTANT_CONVERSION = YES;
				CLANG_WARN_DIRECT_OBJC_ISA_USAGE = YES_ERROR;
				CLANG_WARN_DOCUMENTATION_COMMENTS = YES;
				CLANG_WARN_EMPTY_BODY = YES;
				CLANG_WARN_ENUM_CONVERSION = YES;
				CLANG_WARN_INFINITE_RECURSION = YES;
				CLANG_WARN_INT_CONVERSION = YES;
				CLANG_WARN_OBJC_ROOT_CLASS = YES_ERROR;
				CLANG_WARN_SUSPICIOUS_MOVES = YES;
				CLANG_WARN_UNREACHABLE_CODE = YES;
				CLANG_WARN__DUPLICATE_METHOD_MATCH = YES;
				CODE_SIGN_IDENTITY = "-";
				COPY_PHASE_STRIP = NO;
				DEBUG_INFORMATION_FORMAT = "dwarf-with-dsym";
				ENABLE_NS_ASSERTIONS = NO;
				ENABLE_STRICT_OBJC_MSGSEND = YES;
				GCC_C_LANGUAGE_STANDARD = gnu99;
				GCC_NO_COMMON_BLOCKS = YES;
				GCC_WARN_64_TO_32_BIT_CONVERSION = YES;
				GCC_WARN_ABOUT_RETURN_TYPE = YES_ERROR;
				GCC_WARN_UNDECLARED_SELECTOR = YES;
				GCC_WARN_UNINITIALIZED_AUTOS = YES_AGGRESSIVE;
				GCC_WARN_UNUSED_FUNCTION = YES;
				GCC_WARN_UNUSED_VARIABLE = YES;
				MACOSX_DEPLOYMENT_TARGET = 10.11;
				MTL_ENABLE_DEBUG_INFO = NO;
				SDKROOT = macosx;
			};
			name = Release;
		};
		1635E95A1D9F6E830084FB9B /* Debug */ = {
			isa = XCBuildConfiguration;
			buildSettings = {
				DEVELOPMENT_TEAM = CB4RJ8S956;
				PRODUCT_NAME = "$(TARGET_NAME)";
			};
			name = Debug;
		};
		1635E95B1D9F6E830084FB9B /* Release */ = {
			isa = XCBuildConfiguration;
			buildSettings = {
				DEVELOPMENT_TEAM = CB4RJ8S956;
				PRODUCT_NAME = "$(TARGET_NAME)";
			};
			name = Release;
		};
/* End XCBuildConfiguration section */

/* Begin XCConfigurationList section */
		1635E94D1D9F6E830084FB9B /* Build configuration list for PBXProject "BWSingletonTool" */ = {
			isa = XCConfigurationList;
			buildConfigurations = (
				1635E9571D9F6E830084FB9B /* Debug */,
				1635E9581D9F6E830084FB9B /* Release */,
			);
			defaultConfigurationIsVisible = 0;
			defaultConfigurationName = Release;
		};
		1635E9591D9F6E830084FB9B /* Build configuration list for PBXNativeTarget "BWSingletonTool" */ = {
			isa = XCConfigurationList;
			buildConfigurations = (
				1635E95A1D9F6E830084FB9B /* Debug */,
				1635E95B1D9F6E830084FB9B /* Release */,
			);
			defaultConfigurationIsVisible = 0;
		};
/* End XCConfigurationList section */
	};
	rootObject = 1635E94A1D9F6E830084FB9B /* Project object */;
}
